// !$*UTF8*$!
{
	archiveVersion = 1;
	classes = {
	};
	objectVersion = 50;
	objects = {

/* Begin PBXBuildFile section */
		042834DD21D2979500C7879C /* SwiftyJSON.swift in Sources */ = {isa = PBXBuildFile; fileRef = 042834DC21D2979500C7879C /* SwiftyJSON.swift */; };
		04FB743321A118D30031DD07 /* AppDelegate.swift in Sources */ = {isa = PBXBuildFile; fileRef = 04FB743221A118D30031DD07 /* AppDelegate.swift */; };
		04FB743821A118D30031DD07 /* Main.storyboard in Resources */ = {isa = PBXBuildFile; fileRef = 04FB743621A118D30031DD07 /* Main.storyboard */; };
		04FB743A21A118D40031DD07 /* Assets.xcassets in Resources */ = {isa = PBXBuildFile; fileRef = 04FB743921A118D40031DD07 /* Assets.xcassets */; };
		04FB743D21A118D40031DD07 /* LaunchScreen.storyboard in Resources */ = {isa = PBXBuildFile; fileRef = 04FB743B21A118D40031DD07 /* LaunchScreen.storyboard */; };
		04FB744821A118D40031DD07 /* Assessment_IOS_AppUITests.swift in Sources */ = {isa = PBXBuildFile; fileRef = 04FB744721A118D40031DD07 /* Assessment_IOS_AppUITests.swift */; };
		04FB745621A14EF30031DD07 /* ListViewController.swift in Sources */ = {isa = PBXBuildFile; fileRef = 04FB745521A14EF30031DD07 /* ListViewController.swift */; };
		04FB745821A14F070031DD07 /* DetailViewController.swift in Sources */ = {isa = PBXBuildFile; fileRef = 04FB745721A14F070031DD07 /* DetailViewController.swift */; };
		04FB745B21A150360031DD07 /* Extension.swift in Sources */ = {isa = PBXBuildFile; fileRef = 04FB745A21A150360031DD07 /* Extension.swift */; };
		04FB745D21A1512E0031DD07 /* ApiManager.swift in Sources */ = {isa = PBXBuildFile; fileRef = 04FB745C21A1512E0031DD07 /* ApiManager.swift */; };
		04FB745F21A151840031DD07 /* DataModel.swift in Sources */ = {isa = PBXBuildFile; fileRef = 04FB745E21A151840031DD07 /* DataModel.swift */; };
		04FB746121A16CAD0031DD07 /* ListViewTableViewCell.swift in Sources */ = {isa = PBXBuildFile; fileRef = 04FB746021A16CAD0031DD07 /* ListViewTableViewCell.swift */; };
		04FB746421A17BEF0031DD07 /* SwiftProgressLoader.swift in Sources */ = {isa = PBXBuildFile; fileRef = 04FB746321A17BEF0031DD07 /* SwiftProgressLoader.swift */; };
/* End PBXBuildFile section */

/* Begin PBXContainerItemProxy section */
		04FB744421A118D40031DD07 /* PBXContainerItemProxy */ = {
			isa = PBXContainerItemProxy;
			containerPortal = 04FB742721A118D30031DD07 /* Project object */;
			proxyType = 1;
			remoteGlobalIDString = 04FB742E21A118D30031DD07;
			remoteInfo = Assessment_IOS_App;
		};
/* End PBXContainerItemProxy section */

/* Begin PBXFileReference section */
		042834DC21D2979500C7879C /* SwiftyJSON.swift */ = {isa = PBXFileReference; fileEncoding = 4; lastKnownFileType = sourcecode.swift; path = SwiftyJSON.swift; sourceTree = "<group>"; };
		04FB742F21A118D30031DD07 /* Assessment_IOS_App.app */ = {isa = PBXFileReference; explicitFileType = wrapper.application; includeInIndex = 0; path = Assessment_IOS_App.app; sourceTree = BUILT_PRODUCTS_DIR; };
		04FB743221A118D30031DD07 /* AppDelegate.swift */ = {isa = PBXFileReference; lastKnownFileType = sourcecode.swift; path = AppDelegate.swift; sourceTree = "<group>"; };
		04FB743721A118D30031DD07 /* Base */ = {isa = PBXFileReference; lastKnownFileType = file.storyboard; name = Base; path = Base.lproj/Main.storyboard; sourceTree = "<group>"; };
		04FB743921A118D40031DD07 /* Assets.xcassets */ = {isa = PBXFileReference; lastKnownFileType = folder.assetcatalog; path = Assets.xcassets; sourceTree = "<group>"; };
		04FB743C21A118D40031DD07 /* Base */ = {isa = PBXFileReference; lastKnownFileType = file.storyboard; name = Base; path = Base.lproj/LaunchScreen.storyboard; sourceTree = "<group>"; };
		04FB743E21A118D40031DD07 /* Info.plist */ = {isa = PBXFileReference; lastKnownFileType = text.plist.xml; path = Info.plist; sourceTree = "<group>"; };
		04FB744321A118D40031DD07 /* Assessment_IOS_AppUITests.xctest */ = {isa = PBXFileReference; explicitFileType = wrapper.cfbundle; includeInIndex = 0; path = Assessment_IOS_AppUITests.xctest; sourceTree = BUILT_PRODUCTS_DIR; };
		04FB744721A118D40031DD07 /* Assessment_IOS_AppUITests.swift */ = {isa = PBXFileReference; lastKnownFileType = sourcecode.swift; path = Assessment_IOS_AppUITests.swift; sourceTree = "<group>"; };
		04FB744921A118D40031DD07 /* Info.plist */ = {isa = PBXFileReference; lastKnownFileType = text.plist.xml; path = Info.plist; sourceTree = "<group>"; };
		04FB745521A14EF30031DD07 /* ListViewController.swift */ = {isa = PBXFileReference; lastKnownFileType = sourcecode.swift; path = ListViewController.swift; sourceTree = "<group>"; };
		04FB745721A14F070031DD07 /* DetailViewController.swift */ = {isa = PBXFileReference; lastKnownFileType = sourcecode.swift; path = DetailViewController.swift; sourceTree = "<group>"; };
		04FB745A21A150360031DD07 /* Extension.swift */ = {isa = PBXFileReference; lastKnownFileType = sourcecode.swift; path = Extension.swift; sourceTree = "<group>"; };
		04FB745C21A1512E0031DD07 /* ApiManager.swift */ = {isa = PBXFileReference; lastKnownFileType = sourcecode.swift; path = ApiManager.swift; sourceTree = "<group>"; };
		04FB745E21A151840031DD07 /* DataModel.swift */ = {isa = PBXFileReference; lastKnownFileType = sourcecode.swift; path = DataModel.swift; sourceTree = "<group>"; };
		04FB746021A16CAD0031DD07 /* ListViewTableViewCell.swift */ = {isa = PBXFileReference; lastKnownFileType = sourcecode.swift; path = ListViewTableViewCell.swift; sourceTree = "<group>"; };
		04FB746321A17BEF0031DD07 /* SwiftProgressLoader.swift */ = {isa = PBXFileReference; fileEncoding = 4; lastKnownFileType = sourcecode.swift; path = SwiftProgressLoader.swift; sourceTree = "<group>"; };
/* End PBXFileReference section */

/* Begin PBXFrameworksBuildPhase section */
		04FB742C21A118D30031DD07 /* Frameworks */ = {
			isa = PBXFrameworksBuildPhase;
			buildActionMask = 2147483647;
			files = (
			);
			runOnlyForDeploymentPostprocessing = 0;
		};
		04FB744021A118D40031DD07 /* Frameworks */ = {
			isa = PBXFrameworksBuildPhase;
			buildActionMask = 2147483647;
			files = (
			);
			runOnlyForDeploymentPostprocessing = 0;
		};
/* End PBXFrameworksBuildPhase section */

/* Begin PBXGroup section */
		04FB742621A118D30031DD07 = {
			isa = PBXGroup;
			children = (
				04FB743121A118D30031DD07 /* Assessment_IOS_App */,
				04FB744621A118D40031DD07 /* Assessment_IOS_AppUITests */,
				04FB743021A118D30031DD07 /* Products */,
			);
			sourceTree = "<group>";
		};
		04FB743021A118D30031DD07 /* Products */ = {
			isa = PBXGroup;
			children = (
				04FB742F21A118D30031DD07 /* Assessment_IOS_App.app */,
				04FB744321A118D40031DD07 /* Assessment_IOS_AppUITests.xctest */,
			);
			name = Products;
			sourceTree = "<group>";
		};
		04FB743121A118D30031DD07 /* Assessment_IOS_App */ = {
			isa = PBXGroup;
			children = (
				04FB745921A150210031DD07 /* SupportingFiles */,
				04FB745321A14EDF0031DD07 /* Controllers */,
				04FB745421A14EE00031DD07 /* Models */,
				04FB745221A14EDF0031DD07 /* Views */,
				04FB743221A118D30031DD07 /* AppDelegate.swift */,
				04FB743621A118D30031DD07 /* Main.storyboard */,
				04FB743921A118D40031DD07 /* Assets.xcassets */,
				04FB743B21A118D40031DD07 /* LaunchScreen.storyboard */,
				04FB743E21A118D40031DD07 /* Info.plist */,
			);
			path = Assessment_IOS_App;
			sourceTree = "<group>";
		};
		04FB744621A118D40031DD07 /* Assessment_IOS_AppUITests */ = {
			isa = PBXGroup;
			children = (
				04FB744721A118D40031DD07 /* Assessment_IOS_AppUITests.swift */,
				04FB744921A118D40031DD07 /* Info.plist */,
			);
			path = Assessment_IOS_AppUITests;
			sourceTree = "<group>";
		};
		04FB745221A14EDF0031DD07 /* Views */ = {
			isa = PBXGroup;
			children = (
				04FB746021A16CAD0031DD07 /* ListViewTableViewCell.swift */,
			);
			path = Views;
			sourceTree = "<group>";
		};
		04FB745321A14EDF0031DD07 /* Controllers */ = {
			isa = PBXGroup;
			children = (
				04FB745521A14EF30031DD07 /* ListViewController.swift */,
				04FB745721A14F070031DD07 /* DetailViewController.swift */,
			);
			path = Controllers;
			sourceTree = "<group>";
		};
		04FB745421A14EE00031DD07 /* Models */ = {
			isa = PBXGroup;
			children = (
				04FB745C21A1512E0031DD07 /* ApiManager.swift */,
				04FB745E21A151840031DD07 /* DataModel.swift */,
				042834DC21D2979500C7879C /* SwiftyJSON.swift */,
			);
			path = Models;
			sourceTree = "<group>";
		};
		04FB745921A150210031DD07 /* SupportingFiles */ = {
			isa = PBXGroup;
			children = (
				04FB746321A17BEF0031DD07 /* SwiftProgressLoader.swift */,
				04FB745A21A150360031DD07 /* Extension.swift */,
			);
			path = SupportingFiles;
			sourceTree = "<group>";
		};
/* End PBXGroup section */

/* Begin PBXNativeTarget section */
		04FB742E21A118D30031DD07 /* Assessment_IOS_App */ = {
			isa = PBXNativeTarget;
			buildConfigurationList = 04FB744C21A118D40031DD07 /* Build configuration list for PBXNativeTarget "Assessment_IOS_App" */;
			buildPhases = (
				04FB742B21A118D30031DD07 /* Sources */,
				04FB742C21A118D30031DD07 /* Frameworks */,
				04FB742D21A118D30031DD07 /* Resources */,
			);
			buildRules = (
			);
			dependencies = (
			);
			name = Assessment_IOS_App;
			productName = Assessment_IOS_App;
			productReference = 04FB742F21A118D30031DD07 /* Assessment_IOS_App.app */;
			productType = "com.apple.product-type.application";
		};
		04FB744221A118D40031DD07 /* Assessment_IOS_AppUITests */ = {
			isa = PBXNativeTarget;
			buildConfigurationList = 04FB744F21A118D40031DD07 /* Build configuration list for PBXNativeTarget "Assessment_IOS_AppUITests" */;
			buildPhases = (
				04FB743F21A118D40031DD07 /* Sources */,
				04FB744021A118D40031DD07 /* Frameworks */,
				04FB744121A118D40031DD07 /* Resources */,
			);
			buildRules = (
			);
			dependencies = (
				04FB744521A118D40031DD07 /* PBXTargetDependency */,
			);
			name = Assessment_IOS_AppUITests;
			productName = Assessment_IOS_AppUITests;
			productReference = 04FB744321A118D40031DD07 /* Assessment_IOS_AppUITests.xctest */;
			productType = "com.apple.product-type.bundle.ui-testing";
		};
/* End PBXNativeTarget section */

/* Begin PBXProject section */
		04FB742721A118D30031DD07 /* Project object */ = {
			isa = PBXProject;
			attributes = {
				LastSwiftUpdateCheck = 1000;
				LastUpgradeCheck = 1000;
				ORGANIZATIONNAME = Raj;
				TargetAttributes = {
					04FB742E21A118D30031DD07 = {
						CreatedOnToolsVersion = 10.0;
					};
					04FB744221A118D40031DD07 = {
						CreatedOnToolsVersion = 10.0;
						TestTargetID = 04FB742E21A118D30031DD07;
					};
				};
			};
			buildConfigurationList = 04FB742A21A118D30031DD07 /* Build configuration list for PBXProject "Assessment_IOS_App" */;
			compatibilityVersion = "Xcode 9.3";
			developmentRegion = en;
			hasScannedForEncodings = 0;
			knownRegions = (
				en,
				Base,
			);
			mainGroup = 04FB742621A118D30031DD07;
			productRefGroup = 04FB743021A118D30031DD07 /* Products */;
			projectDirPath = "";
			projectRoot = "";
			targets = (
				04FB742E21A118D30031DD07 /* Assessment_IOS_App */,
				04FB744221A118D40031DD07 /* Assessment_IOS_AppUITests */,
			);
		};
/* End PBXProject section */

/* Begin PBXResourcesBuildPhase section */
		04FB742D21A118D30031DD07 /* Resources */ = {
			isa = PBXResourcesBuildPhase;
			buildActionMask = 2147483647;
			files = (
				04FB743D21A118D40031DD07 /* LaunchScreen.storyboard in Resources */,
				04FB743A21A118D40031DD07 /* Assets.xcassets in Resources */,
				04FB743821A118D30031DD07 /* Main.storyboard in Resources */,
			);
			runOnlyForDeploymentPostprocessing = 0;
		};
		04FB744121A118D40031DD07 /* Resources */ = {
			isa = PBXResourcesBuildPhase;
			buildActionMask = 2147483647;
			files = (
			);
			runOnlyForDeploymentPostprocessing = 0;
		};
/* End PBXResourcesBuildPhase section */

/* Begin PBXSourcesBuildPhase section */
		04FB742B21A118D30031DD07 /* Sources */ = {
			isa = PBXSourcesBuildPhase;
			buildActionMask = 2147483647;
			files = (
				04FB743321A118D30031DD07 /* AppDelegate.swift in Sources */,
				04FB745621A14EF30031DD07 /* ListViewController.swift in Sources */,
				04FB745D21A1512E0031DD07 /* ApiManager.swift in Sources */,
				04FB745821A14F070031DD07 /* DetailViewController.swift in Sources */,
				04FB745B21A150360031DD07 /* Extension.swift in Sources */,
				04FB746421A17BEF0031DD07 /* SwiftProgressLoader.swift in Sources */,
				042834DD21D2979500C7879C /* SwiftyJSON.swift in Sources */,
				04FB746121A16CAD0031DD07 /* ListViewTableViewCell.swift in Sources */,
				04FB745F21A151840031DD07 /* DataModel.swift in Sources */,
			);
			runOnlyForDeploymentPostprocessing = 0;
		};
		04FB743F21A118D40031DD07 /* Sources */ = {
			isa = PBXSourcesBuildPhase;
			buildActionMask = 2147483647;
			files = (
				04FB744821A118D40031DD07 /* Assessment_IOS_AppUITests.swift in Sources */,
			);
			runOnlyForDeploymentPostprocessing = 0;
		};
/* End PBXSourcesBuildPhase section */

/* Begin PBXTargetDependency section */
		04FB744521A118D40031DD07 /* PBXTargetDependency */ = {
			isa = PBXTargetDependency;
			target = 04FB742E21A118D30031DD07 /* Assessment_IOS_App */;
			targetProxy = 04FB744421A118D40031DD07 /* PBXContainerItemProxy */;
		};
/* End PBXTargetDependency section */

/* Begin PBXVariantGroup section */
		04FB743621A118D30031DD07 /* Main.storyboard */ = {
			isa = PBXVariantGroup;
			children = (
				04FB743721A118D30031DD07 /* Base */,
			);
			name = Main.storyboard;
			sourceTree = "<group>";
		};
		04FB743B21A118D40031DD07 /* LaunchScreen.storyboard */ = {
			isa = PBXVariantGroup;
			children = (
				04FB743C21A118D40031DD07 /* Base */,
			);
			name = LaunchScreen.storyboard;
			sourceTree = "<group>";
		};
/* End PBXVariantGroup section */

/* Begin XCBuildConfiguration section */
		04FB744A21A118D40031DD07 /* Debug */ = {
			isa = XCBuildConfiguration;
			buildSettings = {
				ALWAYS_SEARCH_USER_PATHS = NO;
				CLANG_ANALYZER_NONNULL = YES;
				CLANG_ANALYZER_NUMBER_OBJECT_CONVERSION = YES_AGGRESSIVE;
				CLANG_CXX_LANGUAGE_STANDARD = "gnu++14";
				CLANG_CXX_LIBRARY = "libc++";
				CLANG_ENABLE_MODULES = YES;
				CLANG_ENABLE_OBJC_ARC = YES;
				CLANG_ENABLE_OBJC_WEAK = YES;
				CLANG_WARN_BLOCK_CAPTURE_AUTORELEASING = YES;
				CLANG_WARN_BOOL_CONVERSION = YES;
				CLANG_WARN_COMMA = YES;
				CLANG_WARN_CONSTANT_CONVERSION = YES;
				CLANG_WARN_DEPRECATED_OBJC_IMPLEMENTATIONS = YES;
				CLANG_WARN_DIRECT_OBJC_ISA_USAGE = YES_ERROR;
				CLANG_WARN_DOCUMENTATION_COMMENTS = YES;
				CLANG_WARN_EMPTY_BODY = YES;
				CLANG_WARN_ENUM_CONVERSION = YES;
				CLANG_WARN_INFINITE_RECURSION = YES;
				CLANG_WARN_INT_CONVERSION = YES;
				CLANG_WARN_NON_LITERAL_NULL_CONVERSION = YES;
				CLANG_WARN_OBJC_IMPLICIT_RETAIN_SELF = YES;
				CLANG_WARN_OBJC_LITERAL_CONVERSION = YES;
				CLANG_WARN_OBJC_ROOT_CLASS = YES_ERROR;
				CLANG_WARN_RANGE_LOOP_ANALYSIS = YES;
				CLANG_WARN_STRICT_PROTOTYPES = YES;
				CLANG_WARN_SUSPICIOUS_MOVE = YES;
				CLANG_WARN_UNGUARDED_AVAILABILITY = YES_AGGRESSIVE;
				CLANG_WARN_UNREACHABLE_CODE = YES;
				CLANG_WARN__DUPLICATE_METHOD_MATCH = YES;
				CODE_SIGN_IDENTITY = "iPhone Developer";
				COPY_PHASE_STRIP = NO;
				DEBUG_INFORMATION_FORMAT = dwarf;
				ENABLE_STRICT_OBJC_MSGSEND = YES;
				ENABLE_TESTABILITY = YES;
				GCC_C_LANGUAGE_STANDARD = gnu11;
				GCC_DYNAMIC_NO_PIC = NO;
				GCC_NO_COMMON_BLOCKS = YES;
				GCC_OPTIMIZATION_LEVEL = 0;
				GCC_PREPROCESSOR_DEFINITIONS = (
					"DEBUG=1",
					"$(inherited)",
				);
				GCC_WARN_64_TO_32_BIT_CONVERSION = YES;
				GCC_WARN_ABOUT_RETURN_TYPE = YES_ERROR;
				GCC_WARN_UNDECLARED_SELECTOR = YES;
				GCC_WARN_UNINITIALIZED_AUTOS = YES_AGGRESSIVE;
				GCC_WARN_UNUSED_FUNCTION = YES;
				GCC_WARN_UNUSED_VARIABLE = YES;
				IPHONEOS_DEPLOYMENT_TARGET = 12.0;
				MTL_ENABLE_DEBUG_INFO = INCLUDE_SOURCE;
				MTL_FAST_MATH = YES;
				ONLY_ACTIVE_ARCH = YES;
				SDKROOT = iphoneos;
				SWIFT_ACTIVE_COMPILATION_CONDITIONS = DEBUG;
				SWIFT_OPTIMIZATION_LEVEL = "-Onone";
			};
			name = Debug;
		};
		04FB744B21A118D40031DD07 /* Release */ = {
			isa = XCBuildConfiguration;
			buildSettings = {
				ALWAYS_SEARCH_USER_PATHS = NO;
				CLANG_ANALYZER_NONNULL = YES;
				CLANG_ANALYZER_NUMBER_OBJECT_CONVERSION = YES_AGGRESSIVE;
				CLANG_CXX_LANGUAGE_STANDARD = "gnu++14";
				CLANG_CXX_LIBRARY = "libc++";
				CLANG_ENABLE_MODULES = YES;
				CLANG_ENABLE_OBJC_ARC = YES;
				CLANG_ENABLE_OBJC_WEAK = YES;
				CLANG_WARN_BLOCK_CAPTURE_AUTORELEASING = YES;
				CLANG_WARN_BOOL_CONVERSION = YES;
				CLANG_WARN_COMMA = YES;
				CLANG_WARN_CONSTANT_CONVERSION = YES;
				CLANG_WARN_DEPRECATED_OBJC_IMPLEMENTATIONS = YES;
				CLANG_WARN_DIRECT_OBJC_ISA_USAGE = YES_ERROR;
				CLANG_WARN_DOCUMENTATION_COMMENTS = YES;
				CLANG_WARN_EMPTY_BODY = YES;
				CLANG_WARN_ENUM_CONVERSION = YES;
				CLANG_WARN_INFINITE_RECURSION = YES;
				CLANG_WARN_INT_CONVERSION = YES;
				CLANG_WARN_NON_LITERAL_NULL_CONVERSION = YES;
				CLANG_WARN_OBJC_IMPLICIT_RETAIN_SELF = YES;
				CLANG_WARN_OBJC_LITERAL_CONVERSION = YES;
				CLANG_WARN_OBJC_ROOT_CLASS = YES_ERROR;
				CLANG_WARN_RANGE_LOOP_ANALYSIS = YES;
				CLANG_WARN_STRICT_PROTOTYPES = YES;
				CLANG_WARN_SUSPICIOUS_MOVE = YES;
				CLANG_WARN_UNGUARDED_AVAILABILITY = YES_AGGRESSIVE;
				CLANG_WARN_UNREACHABLE_CODE = YES;
				CLANG_WARN__DUPLICATE_METHOD_MATCH = YES;
				CODE_SIGN_IDENTITY = "iPhone Developer";
				COPY_PHASE_STRIP = NO;
				DEBUG_INFORMATION_FORMAT = "dwarf-with-dsym";
				ENABLE_NS_ASSERTIONS = NO;
				ENABLE_STRICT_OBJC_MSGSEND = YES;
				GCC_C_LANGUAGE_STANDARD = gnu11;
				GCC_NO_COMMON_BLOCKS = YES;
				GCC_WARN_64_TO_32_BIT_CONVERSION = YES;
				GCC_WARN_ABOUT_RETURN_TYPE = YES_ERROR;
				GCC_WARN_UNDECLARED_SELECTOR = YES;
				GCC_WARN_UNINITIALIZED_AUTOS = YES_AGGRESSIVE;
				GCC_WARN_UNUSED_FUNCTION = YES;
				GCC_WARN_UNUSED_VARIABLE = YES;
				IPHONEOS_DEPLOYMENT_TARGET = 12.0;
				MTL_ENABLE_DEBUG_INFO = NO;
				MTL_FAST_MATH = YES;
				SDKROOT = iphoneos;
				SWIFT_COMPILATION_MODE = wholemodule;
				SWIFT_OPTIMIZATION_LEVEL = "-O";
				VALIDATE_PRODUCT = YES;
			};
			name = Release;
		};
		04FB744D21A118D40031DD07 /* Debug */ = {
			isa = XCBuildConfiguration;
			buildSettings = {
				ASSETCATALOG_COMPILER_APPICON_NAME = AppIcon;
				CODE_SIGN_STYLE = Automatic;
				DEVELOPMENT_TEAM = KZN9C9VH27;
				INFOPLIST_FILE = Assessment_IOS_App/Info.plist;
				LD_RUNPATH_SEARCH_PATHS = (
					"$(inherited)",
					"@executable_path/Frameworks",
				);
				PRODUCT_BUNDLE_IDENTIFIER = "Raj.Assessment-IOS-App";
				PRODUCT_NAME = "$(TARGET_NAME)";
				SWIFT_VERSION = 4.2;
				TARGETED_DEVICE_FAMILY = "1,2";
			};
			name = Debug;
		};
		04FB744E21A118D40031DD07 /* Release */ = {
			isa = XCBuildConfiguration;
			buildSettings = {
				ASSETCATALOG_COMPILER_APPICON_NAME = AppIcon;
				CODE_SIGN_STYLE = Automatic;
				DEVELOPMENT_TEAM = KZN9C9VH27;
				INFOPLIST_FILE = Assessment_IOS_App/Info.plist;
				LD_RUNPATH_SEARCH_PATHS = (
					"$(inherited)",
					"@executable_path/Frameworks",
				);
				PRODUCT_BUNDLE_IDENTIFIER = "Raj.Assessment-IOS-App";
				PRODUCT_NAME = "$(TARGET_NAME)";
				SWIFT_VERSION = 4.2;
				TARGETED_DEVICE_FAMILY = "1,2";
			};
			name = Release;
		};
		04FB745021A118D40031DD07 /* Debug */ = {
			isa = XCBuildConfiguration;
			buildSettings = {
				ALWAYS_EMBED_SWIFT_STANDARD_LIBRARIES = YES;
				CODE_SIGN_STYLE = Automatic;
				DEVELOPMENT_TEAM = KZN9C9VH27;
				INFOPLIST_FILE = Assessment_IOS_AppUITests/Info.plist;
				LD_RUNPATH_SEARCH_PATHS = (
					"$(inherited)",
					"@executable_path/Frameworks",
					"@loader_path/Frameworks",
				);
				PRODUCT_BUNDLE_IDENTIFIER = "Raj.Assessment-IOS-AppUITests";
				PRODUCT_NAME = "$(TARGET_NAME)";
				SWIFT_VERSION = 4.2;
				TARGETED_DEVICE_FAMILY = "1,2";
				TEST_TARGET_NAME = Assessment_IOS_App;
			};
			name = Debug;
		};
		04FB745121A118D40031DD07 /* Release */ = {
			isa = XCBuildConfiguration;
			buildSettings = {
				ALWAYS_EMBED_SWIFT_STANDARD_LIBRARIES = YES;
				CODE_SIGN_STYLE = Automatic;
				DEVELOPMENT_TEAM = KZN9C9VH27;
				INFOPLIST_FILE = Assessment_IOS_AppUITests/Info.plist;
				LD_RUNPATH_SEARCH_PATHS = (
					"$(inherited)",
					"@executable_path/Frameworks",
					"@loader_path/Frameworks",
				);
				PRODUCT_BUNDLE_IDENTIFIER = "Raj.Assessment-IOS-AppUITests";
				PRODUCT_NAME = "$(TARGET_NAME)";
				SWIFT_VERSION = 4.2;
				TARGETED_DEVICE_FAMILY = "1,2";
				TEST_TARGET_NAME = Assessment_IOS_App;
			};
			name = Release;
		};
/* End XCBuildConfiguration section */

/* Begin XCConfigurationList section */
		04FB742A21A118D30031DD07 /* Build configuration list for PBXProject "Assessment_IOS_App" */ = {
			isa = XCConfigurationList;
			buildConfigurations = (
				04FB744A21A118D40031DD07 /* Debug */,
				04FB744B21A118D40031DD07 /* Release */,
			);
			defaultConfigurationIsVisible = 0;
			defaultConfigurationName = Release;
		};
		04FB744C21A118D40031DD07 /* Build configuration list for PBXNativeTarget "Assessment_IOS_App" */ = {
			isa = XCConfigurationList;
			buildConfigurations = (
				04FB744D21A118D40031DD07 /* Debug */,
				04FB744E21A118D40031DD07 /* Release */,
			);
			defaultConfigurationIsVisible = 0;
			defaultConfigurationName = Release;
		};
		04FB744F21A118D40031DD07 /* Build configuration list for PBXNativeTarget "Assessment_IOS_AppUITests" */ = {
			isa = XCConfigurationList;
			buildConfigurations = (
				04FB745021A118D40031DD07 /* Debug */,
				04FB745121A118D40031DD07 /* Release */,
			);
			defaultConfigurationIsVisible = 0;
			defaultConfigurationName = Release;
		};
/* End XCConfigurationList section */
	};
	rootObject = 04FB742721A118D30031DD07 /* Project object */;
}
